
Microsoft Visual Studio Solution File, Format Version 12.00
# Visual Studio 14
VisualStudioVersion = 14.0.25420.1
MinimumVisualStudioVersion = 10.0.40219.1
Project("{FAE04EC0-301F-11D3-BF4B-00C04F79EFBC}") = "task3", "task3\task3.csproj", "{9753FD25-F71E-4EFB-B5C0-825C5B05766B}"
EndProject
Project("{FAE04EC0-301F-11D3-BF4B-00C04F79EFBC}") = "Test_Task3", "Test_Task3\Test_Task3.csproj", "{90807743-755A-4CEB-B97D-A6CA515AC120}"
EndProject
Global
	GlobalSection(SolutionConfigurationPlatforms) = preSolution
		Debug|Any CPU = Debug|Any CPU
		Release|Any CPU = Release|Any CPU
	EndGlobalSection
	GlobalSection(ProjectConfigurationPlatforms) = postSolution
		{9753FD25-F71E-4EFB-B5C0-825C5B05766B}.Debug|Any CPU.ActiveCfg = Debug|Any CPU
		{9753FD25-F71E-4EFB-B5C0-825C5B05766B}.Debug|Any CPU.Build.0 = Debug|Any CPU
		{9753FD25-F71E-4EFB-B5C0-825C5B05766B}.Release|Any CPU.ActiveCfg = Release|Any CPU
		{9753FD25-F71E-4EFB-B5C0-825C5B05766B}.Release|Any CPU.Build.0 = Release|Any CPU
		{90807743-755A-4CEB-B97D-A6CA515AC120}.Debug|Any CPU.ActiveCfg = Debug|Any CPU
		{90807743-755A-4CEB-B97D-A6CA515AC120}.Debug|Any CPU.Build.0 = Debug|Any CPU
		{90807743-755A-4CEB-B97D-A6CA515AC120}.Release|Any CPU.ActiveCfg = Release|Any CPU
		{90807743-755A-4CEB-B97D-A6CA515AC120}.Release|Any CPU.Build.0 = Release|Any CPU
	EndGlobalSection
	GlobalSection(SolutionProperties) = preSolution
		HideSolutionNode = FALSE
	EndGlobalSection
EndGlobal
