
Microsoft Visual Studio Solution File, Format Version 12.00
# Visual Studio 15
VisualStudioVersion = 15.0.26430.6
MinimumVisualStudioVersion = 10.0.40219.1
Project("{FAE04EC0-301F-11D3-BF4B-00C04F79EFBC}") = "task4", "task4\task4.csproj", "{9DFA87E2-29F9-413C-8DFB-7CB383B34290}"
EndProject
Project("{FAE04EC0-301F-11D3-BF4B-00C04F79EFBC}") = "TestForTask4", "TestForTask4\TestForTask4.csproj", "{DB8F199E-88DC-45CB-B2D5-935E1CD726BD}"
EndProject
Global
	GlobalSection(SolutionConfigurationPlatforms) = preSolution
		Debug|Any CPU = Debug|Any CPU
		Release|Any CPU = Release|Any CPU
	EndGlobalSection
	GlobalSection(ProjectConfigurationPlatforms) = postSolution
		{9DFA87E2-29F9-413C-8DFB-7CB383B34290}.Debug|Any CPU.ActiveCfg = Debug|Any CPU
		{9DFA87E2-29F9-413C-8DFB-7CB383B34290}.Debug|Any CPU.Build.0 = Debug|Any CPU
		{9DFA87E2-29F9-413C-8DFB-7CB383B34290}.Release|Any CPU.ActiveCfg = Release|Any CPU
		{9DFA87E2-29F9-413C-8DFB-7CB383B34290}.Release|Any CPU.Build.0 = Release|Any CPU
		{DB8F199E-88DC-45CB-B2D5-935E1CD726BD}.Debug|Any CPU.ActiveCfg = Debug|Any CPU
		{DB8F199E-88DC-45CB-B2D5-935E1CD726BD}.Debug|Any CPU.Build.0 = Debug|Any CPU
		{DB8F199E-88DC-45CB-B2D5-935E1CD726BD}.Release|Any CPU.ActiveCfg = Release|Any CPU
		{DB8F199E-88DC-45CB-B2D5-935E1CD726BD}.Release|Any CPU.Build.0 = Release|Any CPU
	EndGlobalSection
	GlobalSection(SolutionProperties) = preSolution
		HideSolutionNode = FALSE
	EndGlobalSection
EndGlobal
